// !$*UTF8*$!
{
	archiveVersion = 1;
	classes = {
	};
	objectVersion = 46;
	objects = {

/* Begin PBXBuildFile section */
		4F349EBD1C40D92800F7E554 /* AppDelegate.swift in Sources */ = {isa = PBXBuildFile; fileRef = 4F349EBC1C40D92800F7E554 /* AppDelegate.swift */; };
		4F349EBF1C40D92800F7E554 /* ViewController.swift in Sources */ = {isa = PBXBuildFile; fileRef = 4F349EBE1C40D92800F7E554 /* ViewController.swift */; };
		4F349EC21C40D92800F7E554 /* Main.storyboard in Resources */ = {isa = PBXBuildFile; fileRef = 4F349EC01C40D92800F7E554 /* Main.storyboard */; };
		4F349EC41C40D92800F7E554 /* Assets.xcassets in Resources */ = {isa = PBXBuildFile; fileRef = 4F349EC31C40D92800F7E554 /* Assets.xcassets */; };
		4F349EC71C40D92800F7E554 /* LaunchScreen.storyboard in Resources */ = {isa = PBXBuildFile; fileRef = 4F349EC51C40D92800F7E554 /* LaunchScreen.storyboard */; };
		4F349ED21C40D92800F7E554 /* LomdTests.swift in Sources */ = {isa = PBXBuildFile; fileRef = 4F349ED11C40D92800F7E554 /* LomdTests.swift */; };
		4F349EDD1C40D92800F7E554 /* LomdUITests.swift in Sources */ = {isa = PBXBuildFile; fileRef = 4F349EDC1C40D92800F7E554 /* LomdUITests.swift */; };
		4F349EEB1C40E78A00F7E554 /* TableViewController.swift in Sources */ = {isa = PBXBuildFile; fileRef = 4F349EEA1C40E78A00F7E554 /* TableViewController.swift */; };
		4F349EF71C40F7F600F7E554 /* json.swift in Sources */ = {isa = PBXBuildFile; fileRef = 4F349EF61C40F7F600F7E554 /* json.swift */; };
/* End PBXBuildFile section */

/* Begin PBXContainerItemProxy section */
		4F349ECE1C40D92800F7E554 /* PBXContainerItemProxy */ = {
			isa = PBXContainerItemProxy;
			containerPortal = 4F349EB11C40D92800F7E554 /* Project object */;
			proxyType = 1;
			remoteGlobalIDString = 4F349EB81C40D92800F7E554;
			remoteInfo = Lomd;
		};
		4F349ED91C40D92800F7E554 /* PBXContainerItemProxy */ = {
			isa = PBXContainerItemProxy;
			containerPortal = 4F349EB11C40D92800F7E554 /* Project object */;
			proxyType = 1;
			remoteGlobalIDString = 4F349EB81C40D92800F7E554;
			remoteInfo = Lomd;
		};
/* End PBXContainerItemProxy section */

/* Begin PBXFileReference section */
		4F349EB91C40D92800F7E554 /* Lomd.app */ = {isa = PBXFileReference; explicitFileType = wrapper.application; includeInIndex = 0; path = Lomd.app; sourceTree = BUILT_PRODUCTS_DIR; };
		4F349EBC1C40D92800F7E554 /* AppDelegate.swift */ = {isa = PBXFileReference; lastKnownFileType = sourcecode.swift; path = AppDelegate.swift; sourceTree = "<group>"; };
		4F349EBE1C40D92800F7E554 /* ViewController.swift */ = {isa = PBXFileReference; lastKnownFileType = sourcecode.swift; path = ViewController.swift; sourceTree = "<group>"; };
		4F349EC11C40D92800F7E554 /* Base */ = {isa = PBXFileReference; lastKnownFileType = file.storyboard; name = Base; path = Base.lproj/Main.storyboard; sourceTree = "<group>"; };
		4F349EC31C40D92800F7E554 /* Assets.xcassets */ = {isa = PBXFileReference; lastKnownFileType = folder.assetcatalog; path = Assets.xcassets; sourceTree = "<group>"; };
		4F349EC61C40D92800F7E554 /* Base */ = {isa = PBXFileReference; lastKnownFileType = file.storyboard; name = Base; path = Base.lproj/LaunchScreen.storyboard; sourceTree = "<group>"; };
		4F349EC81C40D92800F7E554 /* Info.plist */ = {isa = PBXFileReference; lastKnownFileType = text.plist.xml; path = Info.plist; sourceTree = "<group>"; };
		4F349ECD1C40D92800F7E554 /* LomdTests.xctest */ = {isa = PBXFileReference; explicitFileType = wrapper.cfbundle; includeInIndex = 0; path = LomdTests.xctest; sourceTree = BUILT_PRODUCTS_DIR; };
		4F349ED11C40D92800F7E554 /* LomdTests.swift */ = {isa = PBXFileReference; lastKnownFileType = sourcecode.swift; path = LomdTests.swift; sourceTree = "<group>"; };
		4F349ED31C40D92800F7E554 /* Info.plist */ = {isa = PBXFileReference; lastKnownFileType = text.plist.xml; path = Info.plist; sourceTree = "<group>"; };
		4F349ED81C40D92800F7E554 /* LomdUITests.xctest */ = {isa = PBXFileReference; explicitFileType = wrapper.cfbundle; includeInIndex = 0; path = LomdUITests.xctest; sourceTree = BUILT_PRODUCTS_DIR; };
		4F349EDC1C40D92800F7E554 /* LomdUITests.swift */ = {isa = PBXFileReference; lastKnownFileType = sourcecode.swift; path = LomdUITests.swift; sourceTree = "<group>"; };
		4F349EDE1C40D92900F7E554 /* Info.plist */ = {isa = PBXFileReference; lastKnownFileType = text.plist.xml; path = Info.plist; sourceTree = "<group>"; };
		4F349EEA1C40E78A00F7E554 /* TableViewController.swift */ = {isa = PBXFileReference; fileEncoding = 4; lastKnownFileType = sourcecode.swift; path = TableViewController.swift; sourceTree = "<group>"; };
		4F349EF61C40F7F600F7E554 /* json.swift */ = {isa = PBXFileReference; fileEncoding = 4; lastKnownFileType = sourcecode.swift; path = json.swift; sourceTree = "<group>"; };
/* End PBXFileReference section */

/* Begin PBXFrameworksBuildPhase section */
		4F349EB61C40D92800F7E554 /* Frameworks */ = {
			isa = PBXFrameworksBuildPhase;
			buildActionMask = 2147483647;
			files = (
			);
			runOnlyForDeploymentPostprocessing = 0;
		};
		4F349ECA1C40D92800F7E554 /* Frameworks */ = {
			isa = PBXFrameworksBuildPhase;
			buildActionMask = 2147483647;
			files = (
			);
			runOnlyForDeploymentPostprocessing = 0;
		};
		4F349ED51C40D92800F7E554 /* Frameworks */ = {
			isa = PBXFrameworksBuildPhase;
			buildActionMask = 2147483647;
			files = (
			);
			runOnlyForDeploymentPostprocessing = 0;
		};
/* End PBXFrameworksBuildPhase section */

/* Begin PBXGroup section */
		4F349EB01C40D92800F7E554 = {
			isa = PBXGroup;
			children = (
				4F349EBB1C40D92800F7E554 /* Lomd */,
				4F349ED01C40D92800F7E554 /* LomdTests */,
				4F349EDB1C40D92800F7E554 /* LomdUITests */,
				4F349EBA1C40D92800F7E554 /* Products */,
			);
			sourceTree = "<group>";
		};
		4F349EBA1C40D92800F7E554 /* Products */ = {
			isa = PBXGroup;
			children = (
				4F349EB91C40D92800F7E554 /* Lomd.app */,
				4F349ECD1C40D92800F7E554 /* LomdTests.xctest */,
				4F349ED81C40D92800F7E554 /* LomdUITests.xctest */,
			);
			name = Products;
			sourceTree = "<group>";
		};
		4F349EBB1C40D92800F7E554 /* Lomd */ = {
			isa = PBXGroup;
			children = (
				4F349EBC1C40D92800F7E554 /* AppDelegate.swift */,
				4F349EBE1C40D92800F7E554 /* ViewController.swift */,
				4F349EEA1C40E78A00F7E554 /* TableViewController.swift */,
				4F349EC01C40D92800F7E554 /* Main.storyboard */,
				4F349EF61C40F7F600F7E554 /* json.swift */,
				4F349EC31C40D92800F7E554 /* Assets.xcassets */,
				4F349EC51C40D92800F7E554 /* LaunchScreen.storyboard */,
				4F349EC81C40D92800F7E554 /* Info.plist */,
			);
			path = Lomd;
			sourceTree = "<group>";
		};
		4F349ED01C40D92800F7E554 /* LomdTests */ = {
			isa = PBXGroup;
			children = (
				4F349ED11C40D92800F7E554 /* LomdTests.swift */,
				4F349ED31C40D92800F7E554 /* Info.plist */,
			);
			path = LomdTests;
			sourceTree = "<group>";
		};
		4F349EDB1C40D92800F7E554 /* LomdUITests */ = {
			isa = PBXGroup;
			children = (
				4F349EDC1C40D92800F7E554 /* LomdUITests.swift */,
				4F349EDE1C40D92900F7E554 /* Info.plist */,
			);
			path = LomdUITests;
			sourceTree = "<group>";
		};
/* End PBXGroup section */

/* Begin PBXNativeTarget section */
		4F349EB81C40D92800F7E554 /* Lomd */ = {
			isa = PBXNativeTarget;
			buildConfigurationList = 4F349EE11C40D92900F7E554 /* Build configuration list for PBXNativeTarget "Lomd" */;
			buildPhases = (
				4F349EB51C40D92800F7E554 /* Sources */,
				4F349EB61C40D92800F7E554 /* Frameworks */,
				4F349EB71C40D92800F7E554 /* Resources */,
			);
			buildRules = (
			);
			dependencies = (
			);
			name = Lomd;
			productName = Lomd;
			productReference = 4F349EB91C40D92800F7E554 /* Lomd.app */;
			productType = "com.apple.product-type.application";
		};
		4F349ECC1C40D92800F7E554 /* LomdTests */ = {
			isa = PBXNativeTarget;
			buildConfigurationList = 4F349EE41C40D92900F7E554 /* Build configuration list for PBXNativeTarget "LomdTests" */;
			buildPhases = (
				4F349EC91C40D92800F7E554 /* Sources */,
				4F349ECA1C40D92800F7E554 /* Frameworks */,
				4F349ECB1C40D92800F7E554 /* Resources */,
			);
			buildRules = (
			);
			dependencies = (
				4F349ECF1C40D92800F7E554 /* PBXTargetDependency */,
			);
			name = LomdTests;
			productName = LomdTests;
			productReference = 4F349ECD1C40D92800F7E554 /* LomdTests.xctest */;
			productType = "com.apple.product-type.bundle.unit-test";
		};
		4F349ED71C40D92800F7E554 /* LomdUITests */ = {
			isa = PBXNativeTarget;
			buildConfigurationList = 4F349EE71C40D92900F7E554 /* Build configuration list for PBXNativeTarget "LomdUITests" */;
			buildPhases = (
				4F349ED41C40D92800F7E554 /* Sources */,
				4F349ED51C40D92800F7E554 /* Frameworks */,
				4F349ED61C40D92800F7E554 /* Resources */,
			);
			buildRules = (
			);
			dependencies = (
				4F349EDA1C40D92800F7E554 /* PBXTargetDependency */,
			);
			name = LomdUITests;
			productName = LomdUITests;
			productReference = 4F349ED81C40D92800F7E554 /* LomdUITests.xctest */;
			productType = "com.apple.product-type.bundle.ui-testing";
		};
/* End PBXNativeTarget section */

/* Begin PBXProject section */
		4F349EB11C40D92800F7E554 /* Project object */ = {
			isa = PBXProject;
			attributes = {
				LastSwiftUpdateCheck = 0720;
				LastUpgradeCheck = 0720;
				ORGANIZATIONNAME = tobaru;
				TargetAttributes = {
					4F349EB81C40D92800F7E554 = {
						CreatedOnToolsVersion = 7.2;
					};
					4F349ECC1C40D92800F7E554 = {
						CreatedOnToolsVersion = 7.2;
						TestTargetID = 4F349EB81C40D92800F7E554;
					};
					4F349ED71C40D92800F7E554 = {
						CreatedOnToolsVersion = 7.2;
						TestTargetID = 4F349EB81C40D92800F7E554;
					};
				};
			};
			buildConfigurationList = 4F349EB41C40D92800F7E554 /* Build configuration list for PBXProject "Lomd" */;
			compatibilityVersion = "Xcode 3.2";
			developmentRegion = English;
			hasScannedForEncodings = 0;
			knownRegions = (
				en,
				Base,
			);
			mainGroup = 4F349EB01C40D92800F7E554;
			productRefGroup = 4F349EBA1C40D92800F7E554 /* Products */;
			projectDirPath = "";
			projectRoot = "";
			targets = (
				4F349EB81C40D92800F7E554 /* Lomd */,
				4F349ECC1C40D92800F7E554 /* LomdTests */,
				4F349ED71C40D92800F7E554 /* LomdUITests */,
			);
		};
/* End PBXProject section */

/* Begin PBXResourcesBuildPhase section */
		4F349EB71C40D92800F7E554 /* Resources */ = {
			isa = PBXResourcesBuildPhase;
			buildActionMask = 2147483647;
			files = (
				4F349EC71C40D92800F7E554 /* LaunchScreen.storyboard in Resources */,
				4F349EC41C40D92800F7E554 /* Assets.xcassets in Resources */,
				4F349EC21C40D92800F7E554 /* Main.storyboard in Resources */,
			);
			runOnlyForDeploymentPostprocessing = 0;
		};
		4F349ECB1C40D92800F7E554 /* Resources */ = {
			isa = PBXResourcesBuildPhase;
			buildActionMask = 2147483647;
			files = (
			);
			runOnlyForDeploymentPostprocessing = 0;
		};
		4F349ED61C40D92800F7E554 /* Resources */ = {
			isa = PBXResourcesBuildPhase;
			buildActionMask = 2147483647;
			files = (
			);
			runOnlyForDeploymentPostprocessing = 0;
		};
/* End PBXResourcesBuildPhase section */

/* Begin PBXSourcesBuildPhase section */
		4F349EB51C40D92800F7E554 /* Sources */ = {
			isa = PBXSourcesBuildPhase;
			buildActionMask = 2147483647;
			files = (
				4F349EBF1C40D92800F7E554 /* ViewController.swift in Sources */,
				4F349EEB1C40E78A00F7E554 /* TableViewController.swift in Sources */,
				4F349EBD1C40D92800F7E554 /* AppDelegate.swift in Sources */,
				4F349EF71C40F7F600F7E554 /* json.swift in Sources */,
			);
			runOnlyForDeploymentPostprocessing = 0;
		};
		4F349EC91C40D92800F7E554 /* Sources */ = {
			isa = PBXSourcesBuildPhase;
			buildActionMask = 2147483647;
			files = (
				4F349ED21C40D92800F7E554 /* LomdTests.swift in Sources */,
			);
			runOnlyForDeploymentPostprocessing = 0;
		};
		4F349ED41C40D92800F7E554 /* Sources */ = {
			isa = PBXSourcesBuildPhase;
			buildActionMask = 2147483647;
			files = (
				4F349EDD1C40D92800F7E554 /* LomdUITests.swift in Sources */,
			);
			runOnlyForDeploymentPostprocessing = 0;
		};
/* End PBXSourcesBuildPhase section */

/* Begin PBXTargetDependency section */
		4F349ECF1C40D92800F7E554 /* PBXTargetDependency */ = {
			isa = PBXTargetDependency;
			target = 4F349EB81C40D92800F7E554 /* Lomd */;
			targetProxy = 4F349ECE1C40D92800F7E554 /* PBXContainerItemProxy */;
		};
		4F349EDA1C40D92800F7E554 /* PBXTargetDependency */ = {
			isa = PBXTargetDependency;
			target = 4F349EB81C40D92800F7E554 /* Lomd */;
			targetProxy = 4F349ED91C40D92800F7E554 /* PBXContainerItemProxy */;
		};
/* End PBXTargetDependency section */

/* Begin PBXVariantGroup section */
		4F349EC01C40D92800F7E554 /* Main.storyboard */ = {
			isa = PBXVariantGroup;
			children = (
				4F349EC11C40D92800F7E554 /* Base */,
			);
			name = Main.storyboard;
			sourceTree = "<group>";
		};
		4F349EC51C40D92800F7E554 /* LaunchScreen.storyboard */ = {
			isa = PBXVariantGroup;
			children = (
				4F349EC61C40D92800F7E554 /* Base */,
			);
			name = LaunchScreen.storyboard;
			sourceTree = "<group>";
		};
/* End PBXVariantGroup section */

/* Begin XCBuildConfiguration section */
		4F349EDF1C40D92900F7E554 /* Debug */ = {
			isa = XCBuildConfiguration;
			buildSettings = {
				ALWAYS_SEARCH_USER_PATHS = NO;
				CLANG_CXX_LANGUAGE_STANDARD = "gnu++0x";
				CLANG_CXX_LIBRARY = "libc++";
				CLANG_ENABLE_MODULES = YES;
				CLANG_ENABLE_OBJC_ARC = YES;
				CLANG_WARN_BOOL_CONVERSION = YES;
				CLANG_WARN_CONSTANT_CONVERSION = YES;
				CLANG_WARN_DIRECT_OBJC_ISA_USAGE = YES_ERROR;
				CLANG_WARN_EMPTY_BODY = YES;
				CLANG_WARN_ENUM_CONVERSION = YES;
				CLANG_WARN_INT_CONVERSION = YES;
				CLANG_WARN_OBJC_ROOT_CLASS = YES_ERROR;
				CLANG_WARN_UNREACHABLE_CODE = YES;
				CLANG_WARN__DUPLICATE_METHOD_MATCH = YES;
				"CODE_SIGN_IDENTITY[sdk=iphoneos*]" = "iPhone Developer";
				COPY_PHASE_STRIP = NO;
				DEBUG_INFORMATION_FORMAT = dwarf;
				ENABLE_STRICT_OBJC_MSGSEND = YES;
				ENABLE_TESTABILITY = YES;
				GCC_C_LANGUAGE_STANDARD = gnu99;
				GCC_DYNAMIC_NO_PIC = NO;
				GCC_NO_COMMON_BLOCKS = YES;
				GCC_OPTIMIZATION_LEVEL = 0;
				GCC_PREPROCESSOR_DEFINITIONS = (
					"DEBUG=1",
					"$(inherited)",
				);
				GCC_WARN_64_TO_32_BIT_CONVERSION = YES;
				GCC_WARN_ABOUT_RETURN_TYPE = YES_ERROR;
				GCC_WARN_UNDECLARED_SELECTOR = YES;
				GCC_WARN_UNINITIALIZED_AUTOS = YES_AGGRESSIVE;
				GCC_WARN_UNUSED_FUNCTION = YES;
				GCC_WARN_UNUSED_VARIABLE = YES;
				IPHONEOS_DEPLOYMENT_TARGET = 9.2;
				MTL_ENABLE_DEBUG_INFO = YES;
				ONLY_ACTIVE_ARCH = YES;
				SDKROOT = iphoneos;
				SWIFT_OPTIMIZATION_LEVEL = "-Onone";
			};
			name = Debug;
		};
		4F349EE01C40D92900F7E554 /* Release */ = {
			isa = XCBuildConfiguration;
			buildSettings = {
				ALWAYS_SEARCH_USER_PATHS = NO;
				CLANG_CXX_LANGUAGE_STANDARD = "gnu++0x";
				CLANG_CXX_LIBRARY = "libc++";
				CLANG_ENABLE_MODULES = YES;
				CLANG_ENABLE_OBJC_ARC = YES;
				CLANG_WARN_BOOL_CONVERSION = YES;
				CLANG_WARN_CONSTANT_CONVERSION = YES;
				CLANG_WARN_DIRECT_OBJC_ISA_USAGE = YES_ERROR;
				CLANG_WARN_EMPTY_BODY = YES;
				CLANG_WARN_ENUM_CONVERSION = YES;
				CLANG_WARN_INT_CONVERSION = YES;
				CLANG_WARN_OBJC_ROOT_CLASS = YES_ERROR;
				CLANG_WARN_UNREACHABLE_CODE = YES;
				CLANG_WARN__DUPLICATE_METHOD_MATCH = YES;
				"CODE_SIGN_IDENTITY[sdk=iphoneos*]" = "iPhone Developer";
				COPY_PHASE_STRIP = NO;
				DEBUG_INFORMATION_FORMAT = "dwarf-with-dsym";
				ENABLE_NS_ASSERTIONS = NO;
				ENABLE_STRICT_OBJC_MSGSEND = YES;
				GCC_C_LANGUAGE_STANDARD = gnu99;
				GCC_NO_COMMON_BLOCKS = YES;
				GCC_WARN_64_TO_32_BIT_CONVERSION = YES;
				GCC_WARN_ABOUT_RETURN_TYPE = YES_ERROR;
				GCC_WARN_UNDECLARED_SELECTOR = YES;
				GCC_WARN_UNINITIALIZED_AUTOS = YES_AGGRESSIVE;
				GCC_WARN_UNUSED_FUNCTION = YES;
				GCC_WARN_UNUSED_VARIABLE = YES;
				IPHONEOS_DEPLOYMENT_TARGET = 9.2;
				MTL_ENABLE_DEBUG_INFO = NO;
				SDKROOT = iphoneos;
				VALIDATE_PRODUCT = YES;
			};
			name = Release;
		};
		4F349EE21C40D92900F7E554 /* Debug */ = {
			isa = XCBuildConfiguration;
			buildSettings = {
				ASSETCATALOG_COMPILER_APPICON_NAME = AppIcon;
				INFOPLIST_FILE = Lomd/Info.plist;
				IPHONEOS_DEPLOYMENT_TARGET = 9.1;
				LD_RUNPATH_SEARCH_PATHS = "$(inherited) @executable_path/Frameworks";
				PRODUCT_BUNDLE_IDENTIFIER = com.momobaru.Lomd;
				PRODUCT_NAME = "$(TARGET_NAME)";
			};
			name = Debug;
		};
		4F349EE31C40D92900F7E554 /* Release */ = {
			isa = XCBuildConfiguration;
			buildSettings = {
				ASSETCATALOG_COMPILER_APPICON_NAME = AppIcon;
				INFOPLIST_FILE = Lomd/Info.plist;
				IPHONEOS_DEPLOYMENT_TARGET = 9.1;
				LD_RUNPATH_SEARCH_PATHS = "$(inherited) @executable_path/Frameworks";
				PRODUCT_BUNDLE_IDENTIFIER = com.momobaru.Lomd;
				PRODUCT_NAME = "$(TARGET_NAME)";
			};
			name = Release;
		};
		4F349EE51C40D92900F7E554 /* Debug */ = {
			isa = XCBuildConfiguration;
			buildSettings = {
				BUNDLE_LOADER = "$(TEST_HOST)";
				INFOPLIST_FILE = LomdTests/Info.plist;
				LD_RUNPATH_SEARCH_PATHS = "$(inherited) @executable_path/Frameworks @loader_path/Frameworks";
				PRODUCT_BUNDLE_IDENTIFIER = com.momobaru.LomdTests;
				PRODUCT_NAME = "$(TARGET_NAME)";
				TEST_HOST = "$(BUILT_PRODUCTS_DIR)/Lomd.app/Lomd";
			};
			name = Debug;
		};
		4F349EE61C40D92900F7E554 /* Release */ = {
			isa = XCBuildConfiguration;
			buildSettings = {
				BUNDLE_LOADER = "$(TEST_HOST)";
				INFOPLIST_FILE = LomdTests/Info.plist;
				LD_RUNPATH_SEARCH_PATHS = "$(inherited) @executable_path/Frameworks @loader_path/Frameworks";
				PRODUCT_BUNDLE_IDENTIFIER = com.momobaru.LomdTests;
				PRODUCT_NAME = "$(TARGET_NAME)";
				TEST_HOST = "$(BUILT_PRODUCTS_DIR)/Lomd.app/Lomd";
			};
			name = Release;
		};
		4F349EE81C40D92900F7E554 /* Debug */ = {
			isa = XCBuildConfiguration;
			buildSettings = {
				INFOPLIST_FILE = LomdUITests/Info.plist;
				LD_RUNPATH_SEARCH_PATHS = "$(inherited) @executable_path/Frameworks @loader_path/Frameworks";
				PRODUCT_BUNDLE_IDENTIFIER = com.momobaru.LomdUITests;
				PRODUCT_NAME = "$(TARGET_NAME)";
				TEST_TARGET_NAME = Lomd;
				USES_XCTRUNNER = YES;
			};
			name = Debug;
		};
		4F349EE91C40D92900F7E554 /* Release */ = {
			isa = XCBuildConfiguration;
			buildSettings = {
				INFOPLIST_FILE = LomdUITests/Info.plist;
				LD_RUNPATH_SEARCH_PATHS = "$(inherited) @executable_path/Frameworks @loader_path/Frameworks";
				PRODUCT_BUNDLE_IDENTIFIER = com.momobaru.LomdUITests;
				PRODUCT_NAME = "$(TARGET_NAME)";
				TEST_TARGET_NAME = Lomd;
				USES_XCTRUNNER = YES;
			};
			name = Release;
		};
/* End XCBuildConfiguration section */

/* Begin XCConfigurationList section */
		4F349EB41C40D92800F7E554 /* Build configuration list for PBXProject "Lomd" */ = {
			isa = XCConfigurationList;
			buildConfigurations = (
				4F349EDF1C40D92900F7E554 /* Debug */,
				4F349EE01C40D92900F7E554 /* Release */,
			);
			defaultConfigurationIsVisible = 0;
			defaultConfigurationName = Release;
		};
		4F349EE11C40D92900F7E554 /* Build configuration list for PBXNativeTarget "Lomd" */ = {
			isa = XCConfigurationList;
			buildConfigurations = (
				4F349EE21C40D92900F7E554 /* Debug */,
				4F349EE31C40D92900F7E554 /* Release */,
			);
			defaultConfigurationIsVisible = 0;
			defaultConfigurationName = Release;
		};
		4F349EE41C40D92900F7E554 /* Build configuration list for PBXNativeTarget "LomdTests" */ = {
			isa = XCConfigurationList;
			buildConfigurations = (
				4F349EE51C40D92900F7E554 /* Debug */,
				4F349EE61C40D92900F7E554 /* Release */,
			);
			defaultConfigurationIsVisible = 0;
			defaultConfigurationName = Release;
		};
		4F349EE71C40D92900F7E554 /* Build configuration list for PBXNativeTarget "LomdUITests" */ = {
			isa = XCConfigurationList;
			buildConfigurations = (
				4F349EE81C40D92900F7E554 /* Debug */,
				4F349EE91C40D92900F7E554 /* Release */,
			);
			defaultConfigurationIsVisible = 0;
			defaultConfigurationName = Release;
		};
/* End XCConfigurationList section */
	};
	rootObject = 4F349EB11C40D92800F7E554 /* Project object */;
}
